
Microsoft Visual Studio Solution File, Format Version 12.00
# Visual Studio Version 17
VisualStudioVersion = 17.7.34024.191
MinimumVisualStudioVersion = 10.0.40219.1
Project("{6EC3EE1D-3C4E-46DD-8F32-0CC8E7565705}") = "Day23", "Day23.fsproj", "{CD761C09-1A85-4EDB-AB50-A7CA50674AB9}"
EndProject
Project("{6EC3EE1D-3C4E-46DD-8F32-0CC8E7565705}") = "AocUtils", "..\..\AocUtils\AocUtils.fsproj", "{8CF5A890-2B6C-4D47-9A8D-FB79D0A9F0EA}"
EndProject
Global
	GlobalSection(SolutionConfigurationPlatforms) = preSolution
		Debug|Any CPU = Debug|Any CPU
		Release|Any CPU = Release|Any CPU
	EndGlobalSection
	GlobalSection(ProjectConfigurationPlatforms) = postSolution
		{CD761C09-1A85-4EDB-AB50-A7CA50674AB9}.Debug|Any CPU.ActiveCfg = Debug|Any CPU
		{CD761C09-1A85-4EDB-AB50-A7CA50674AB9}.Debug|Any CPU.Build.0 = Debug|Any CPU
		{CD761C09-1A85-4EDB-AB50-A7CA50674AB9}.Release|Any CPU.ActiveCfg = Release|Any CPU
		{CD761C09-1A85-4EDB-AB50-A7CA50674AB9}.Release|Any CPU.Build.0 = Release|Any CPU
		{8CF5A890-2B6C-4D47-9A8D-FB79D0A9F0EA}.Debug|Any CPU.ActiveCfg = Debug|Any CPU
		{8CF5A890-2B6C-4D47-9A8D-FB79D0A9F0EA}.Debug|Any CPU.Build.0 = Debug|Any CPU
		{8CF5A890-2B6C-4D47-9A8D-FB79D0A9F0EA}.Release|Any CPU.ActiveCfg = Release|Any CPU
		{8CF5A890-2B6C-4D47-9A8D-FB79D0A9F0EA}.Release|Any CPU.Build.0 = Release|Any CPU
	EndGlobalSection
	GlobalSection(SolutionProperties) = preSolution
		HideSolutionNode = FALSE
	EndGlobalSection
	GlobalSection(ExtensibilityGlobals) = postSolution
		SolutionGuid = {B6B24CAD-76BC-4E48-B085-9C19CEDD49E6}
	EndGlobalSection
EndGlobal
